
Microsoft Visual Studio Solution File, Format Version 12.00
# Visual Studio Version 17
VisualStudioVersion = 17.5.33516.290
MinimumVisualStudioVersion = 10.0.40219.1
Project("{D2ABAB84-BF74-430A-B69E-9DC6D40DDA17}") = "SSAS_MOV", "SSAS_MOV\SSAS_MOV.dwproj", "{0D311738-E1DC-44DE-82CE-71F1FB64A21F}"
EndProject
Global
	GlobalSection(SolutionConfigurationPlatforms) = preSolution
		Development|Default = Development|Default
	EndGlobalSection
	GlobalSection(ProjectConfigurationPlatforms) = postSolution
		{0D311738-E1DC-44DE-82CE-71F1FB64A21F}.Development|Default.ActiveCfg = Development
		{0D311738-E1DC-44DE-82CE-71F1FB64A21F}.Development|Default.Build.0 = Development
		{0D311738-E1DC-44DE-82CE-71F1FB64A21F}.Development|Default.Deploy.0 = Development
	EndGlobalSection
	GlobalSection(SolutionProperties) = preSolution
		HideSolutionNode = FALSE
	EndGlobalSection
	GlobalSection(ExtensibilityGlobals) = postSolution
		SolutionGuid = {0F93E026-6C90-4CDF-B78A-F1A71C7E8EE6}
	EndGlobalSection
EndGlobal
