
Microsoft Visual Studio Solution File, Format Version 12.00
# Visual Studio Version 17
VisualStudioVersion = 17.5.33516.290
MinimumVisualStudioVersion = 10.0.40219.1
Project("{D2ABAB84-BF74-430A-B69E-9DC6D40DDA17}") = "WD_Movie_SSAS", "WD_Movie_SSAS\WD_Movie_SSAS.dwproj", "{A72A467B-F4D9-4F78-A863-DBB112356038}"
EndProject
Global
	GlobalSection(SolutionConfigurationPlatforms) = preSolution
		Development|Default = Development|Default
	EndGlobalSection
	GlobalSection(ProjectConfigurationPlatforms) = postSolution
		{A72A467B-F4D9-4F78-A863-DBB112356038}.Development|Default.ActiveCfg = Development
		{A72A467B-F4D9-4F78-A863-DBB112356038}.Development|Default.Build.0 = Development
		{A72A467B-F4D9-4F78-A863-DBB112356038}.Development|Default.Deploy.0 = Development
	EndGlobalSection
	GlobalSection(SolutionProperties) = preSolution
		HideSolutionNode = FALSE
	EndGlobalSection
	GlobalSection(ExtensibilityGlobals) = postSolution
		SolutionGuid = {EC9DC342-C3CC-40DB-9DD2-42CD8F1D6BA3}
	EndGlobalSection
EndGlobal
